{
  "name": "app",
  "version": "1.0.0",
  "lockfileVersion": 3,
  "requires": true,
  "packages": {
    "": {
      "name": "app",
      "version": "1.0.0",
      "license": "MIT",
      "dependencies": {
        "nickname-lib": "file:../nickname-lib"
      }
    },
    "../nickname-lib": {
      "version": "1.0.0",
      "license": "MIT"
    },
    "node_modules/nickname-lib": {
      "resolved": "../nickname-lib",
      "link": true
    }
  }
}
